// !$*UTF8*$!
{
	archiveVersion = 1;
	classes = {
	};
	objectVersion = 46;
	objects = {

/* Begin PBXBuildFile section */
		B20D008E1FBC84E00046004A /* InterestingnessPhotoViewController.swift in Sources */ = {isa = PBXBuildFile; fileRef = B20D008D1FBC84E00046004A /* InterestingnessPhotoViewController.swift */; };
		B20D00911FBC86F60046004A /* InterestingnessPhotoNetworkService.swift in Sources */ = {isa = PBXBuildFile; fileRef = B20D00901FBC86F60046004A /* InterestingnessPhotoNetworkService.swift */; };
		B20D00931FBC88620046004A /* InterstingnessPhotoCollectionViewCell.swift in Sources */ = {isa = PBXBuildFile; fileRef = B20D00921FBC88620046004A /* InterstingnessPhotoCollectionViewCell.swift */; };
		B21603591FB42EF700AFA5F3 /* SearchNetworkService.swift in Sources */ = {isa = PBXBuildFile; fileRef = B21603581FB42EF700AFA5F3 /* SearchNetworkService.swift */; };
		B216035B1FB42F7800AFA5F3 /* SearchPhotos.swift in Sources */ = {isa = PBXBuildFile; fileRef = B216035A1FB42F7800AFA5F3 /* SearchPhotos.swift */; };
		B21647501FD9207500E3F4DD /* PhotoEntitie+CoreDataProperties.swift in Sources */ = {isa = PBXBuildFile; fileRef = B216474E1FD9207500E3F4DD /* PhotoEntitie+CoreDataProperties.swift */; };
		B21C862E1F79553B001CBC71 /* FlickrCreateRequest.swift in Sources */ = {isa = PBXBuildFile; fileRef = B21C862D1F79553B001CBC71 /* FlickrCreateRequest.swift */; };
		B21C86301F795594001CBC71 /* FlickrGetResponse.swift in Sources */ = {isa = PBXBuildFile; fileRef = B21C862F1F795594001CBC71 /* FlickrGetResponse.swift */; };
		B21C86321F79636C001CBC71 /* FlickrUserAuthentication.swift in Sources */ = {isa = PBXBuildFile; fileRef = B21C86311F79636C001CBC71 /* FlickrUserAuthentication.swift */; };
		B21EAAB81FD5916D007BA9B8 /* PersistentService.swift in Sources */ = {isa = PBXBuildFile; fileRef = B21EAAB71FD5916D007BA9B8 /* PersistentService.swift */; };
		B2202C0F1F7BBBCE002D33C2 /* UserViewController.swift in Sources */ = {isa = PBXBuildFile; fileRef = B2202C0E1F7BBBCE002D33C2 /* UserViewController.swift */; };
		B22AE49E1F7A67DC001D6D0C /* ErrorAlertController.swift in Sources */ = {isa = PBXBuildFile; fileRef = B22AE49D1F7A67DC001D6D0C /* ErrorAlertController.swift */; };
		B22B8B371FBC19A200A21401 /* UserCollectionViewCell.swift in Sources */ = {isa = PBXBuildFile; fileRef = B22B8B361FBC19A200A21401 /* UserCollectionViewCell.swift */; };
		B22B8B3A1FBC20E500A21401 /* GetPhotoNetworkService.swift in Sources */ = {isa = PBXBuildFile; fileRef = B22B8B391FBC20E500A21401 /* GetPhotoNetworkService.swift */; };
		B22C6FD41FE1079B0087FF0D /* CoverFlowLayout.m in Sources */ = {isa = PBXBuildFile; fileRef = B22C6FD31FE1079B0087FF0D /* CoverFlowLayout.m */; };
		B22D38311F604AA300FCC371 /* AppDelegate.swift in Sources */ = {isa = PBXBuildFile; fileRef = B22D38301F604AA300FCC371 /* AppDelegate.swift */; };
		B22D38391F604AA300FCC371 /* ClickrFlickr.xcdatamodeld in Sources */ = {isa = PBXBuildFile; fileRef = B22D38371F604AA300FCC371 /* ClickrFlickr.xcdatamodeld */; };
		B22D383B1F604AA300FCC371 /* Assets.xcassets in Resources */ = {isa = PBXBuildFile; fileRef = B22D383A1F604AA300FCC371 /* Assets.xcassets */; };
		B2306D301FE3C23F00DA7DF0 /* ImageLoader.swift in Sources */ = {isa = PBXBuildFile; fileRef = B2306D2F1FE3C23F00DA7DF0 /* ImageLoader.swift */; };
		B241069A1F724BBA006F9E53 /* Structures.swift in Sources */ = {isa = PBXBuildFile; fileRef = B24106991F724BBA006F9E53 /* Structures.swift */; };
		B249F76F1F7A2E310036FAB7 /* FlickrOauthError.swift in Sources */ = {isa = PBXBuildFile; fileRef = B249F76E1F7A2E310036FAB7 /* FlickrOauthError.swift */; };
		B2523AA41F67B766006DFA50 /* String+HMAC.swift in Sources */ = {isa = PBXBuildFile; fileRef = B2523AA31F67B766006DFA50 /* String+HMAC.swift */; };
		B25AA1C91FAB1E0C0063E7AC /* NetworkServise.swift in Sources */ = {isa = PBXBuildFile; fileRef = B25AA1C81FAB1E0C0063E7AC /* NetworkServise.swift */; };
		B25AA1DC1FAB40420063E7AC /* LaunchScreen.storyboard in Resources */ = {isa = PBXBuildFile; fileRef = B22D383C1F604AA300FCC371 /* LaunchScreen.storyboard */; };
		B25AA1DD1FAB404C0063E7AC /* Main.storyboard in Resources */ = {isa = PBXBuildFile; fileRef = B22D38341F604AA300FCC371 /* Main.storyboard */; };
		B26A92CA1FBF11F70058C336 /* WaterfallLayout.swift in Sources */ = {isa = PBXBuildFile; fileRef = B26A92C91FBF11F70058C336 /* WaterfallLayout.swift */; };
		B2754A9C1F712F8A00B403DF /* CallingFlickrAPIwithOauth.swift in Sources */ = {isa = PBXBuildFile; fileRef = B2754A9B1F712F8A00B403DF /* CallingFlickrAPIwithOauth.swift */; };
		B277D78D1FE28CAD00BA81FF /* MainViewController.swift in Sources */ = {isa = PBXBuildFile; fileRef = B277D78C1FE28CAD00BA81FF /* MainViewController.swift */; };
		B277D7901FE2B21000BA81FF /* MainSegue.swift in Sources */ = {isa = PBXBuildFile; fileRef = B277D78F1FE2B21000BA81FF /* MainSegue.swift */; };
		B278902F1FCC294600CEBB48 /* CenterCollectionFlowLayout.swift in Sources */ = {isa = PBXBuildFile; fileRef = B278902E1FCC294600CEBB48 /* CenterCollectionFlowLayout.swift */; };
		B278969C1FD8121A002D2B90 /* PhotoEntitie+CoreDataClass.swift in Sources */ = {isa = PBXBuildFile; fileRef = B278969A1FD8121A002D2B90 /* PhotoEntitie+CoreDataClass.swift */; };
		B278969F1FD81434002D2B90 /* CoreDataStack.swift in Sources */ = {isa = PBXBuildFile; fileRef = B278969E1FD81434002D2B90 /* CoreDataStack.swift */; };
		B27896A11FD82867002D2B90 /* ParsePhotos.swift in Sources */ = {isa = PBXBuildFile; fileRef = B27896A01FD82867002D2B90 /* ParsePhotos.swift */; };
		B291E4071FC714C300EB3419 /* UserPhotoDetailViewController.m in Sources */ = {isa = PBXBuildFile; fileRef = B291E4061FC714C300EB3419 /* UserPhotoDetailViewController.m */; };
		B291E40A1FC7186F00EB3419 /* UserPhotoDetailCell.m in Sources */ = {isa = PBXBuildFile; fileRef = B291E4091FC7186F00EB3419 /* UserPhotoDetailCell.m */; };
		B29439211FBD883900006CE6 /* UserInfo.xib in Resources */ = {isa = PBXBuildFile; fileRef = B29439201FBD883900006CE6 /* UserInfo.xib */; };
		B29439231FBD885300006CE6 /* UserInfo.swift in Sources */ = {isa = PBXBuildFile; fileRef = B29439221FBD885300006CE6 /* UserInfo.swift */; };
		B29A9FEF1F7276C000567FD5 /* SearchCollectionViewCell.swift in Sources */ = {isa = PBXBuildFile; fileRef = B29A9FEE1F7276C000567FD5 /* SearchCollectionViewCell.swift */; };
		B29A9FF11F72778C00567FD5 /* SearchCollectionViewController.swift in Sources */ = {isa = PBXBuildFile; fileRef = B29A9FF01F72778C00567FD5 /* SearchCollectionViewController.swift */; };
		B29A9FF51F72869600567FD5 /* NotAuthorizedViewController.swift in Sources */ = {isa = PBXBuildFile; fileRef = B29A9FF41F72869600567FD5 /* NotAuthorizedViewController.swift */; };
		B2AB94C81FE942B2005EDF9F /* DetailPhotoViewController.swift in Sources */ = {isa = PBXBuildFile; fileRef = B2AB94C61FE942B2005EDF9F /* DetailPhotoViewController.swift */; };
		B2AB94C91FE942B2005EDF9F /* DetailPhotoViewController.xib in Resources */ = {isa = PBXBuildFile; fileRef = B2AB94C71FE942B2005EDF9F /* DetailPhotoViewController.xib */; };
		B2AB94CC1FE94FB3005EDF9F /* DetailPhotoViewCell.swift in Sources */ = {isa = PBXBuildFile; fileRef = B2AB94CA1FE94FB3005EDF9F /* DetailPhotoViewCell.swift */; };
		B2AB94CD1FE94FB3005EDF9F /* DetailPhotoViewCell.xib in Resources */ = {isa = PBXBuildFile; fileRef = B2AB94CB1FE94FB3005EDF9F /* DetailPhotoViewCell.xib */; };
		B2BC9C1F1FCEB0CC00A4C900 /* UserHeaderCollectionReusableView.swift in Sources */ = {isa = PBXBuildFile; fileRef = B2BC9C1E1FCEB0CC00A4C900 /* UserHeaderCollectionReusableView.swift */; };
		B2C6EDBF1FA71DF700C254D5 /* Photo.swift in Sources */ = {isa = PBXBuildFile; fileRef = B2C6EDBE1FA71DF700C254D5 /* Photo.swift */; };
		B2D90FAF1FBD94B100FB0E64 /* UserInfoNetworkService.swift in Sources */ = {isa = PBXBuildFile; fileRef = B2D90FAE1FBD94B100FB0E64 /* UserInfoNetworkService.swift */; };
		B2D90FB11FBD9FD700FB0E64 /* CreateUserInfo.swift in Sources */ = {isa = PBXBuildFile; fileRef = B2D90FB01FBD9FD700FB0E64 /* CreateUserInfo.swift */; };
		B2F7EBAE1F7A860400300C74 /* FetchJSON.swift in Sources */ = {isa = PBXBuildFile; fileRef = B2F7EBAD1F7A860400300C74 /* FetchJSON.swift */; };
		B2FA800D1FBD905100D1279F /* User.swift in Sources */ = {isa = PBXBuildFile; fileRef = B2FA800C1FBD905100D1279F /* User.swift */; };
/* End PBXBuildFile section */

/* Begin PBXFileReference section */
		B20D008D1FBC84E00046004A /* InterestingnessPhotoViewController.swift */ = {isa = PBXFileReference; lastKnownFileType = sourcecode.swift; path = InterestingnessPhotoViewController.swift; sourceTree = "<group>"; };
		B20D00901FBC86F60046004A /* InterestingnessPhotoNetworkService.swift */ = {isa = PBXFileReference; lastKnownFileType = sourcecode.swift; path = InterestingnessPhotoNetworkService.swift; sourceTree = "<group>"; };
		B20D00921FBC88620046004A /* InterstingnessPhotoCollectionViewCell.swift */ = {isa = PBXFileReference; lastKnownFileType = sourcecode.swift; path = InterstingnessPhotoCollectionViewCell.swift; sourceTree = "<group>"; };
		B21603581FB42EF700AFA5F3 /* SearchNetworkService.swift */ = {isa = PBXFileReference; fileEncoding = 4; lastKnownFileType = sourcecode.swift; name = SearchNetworkService.swift; path = SearchPhoto/SearchNetworkService/SearchNetworkService.swift; sourceTree = "<group>"; };
		B216035A1FB42F7800AFA5F3 /* SearchPhotos.swift */ = {isa = PBXFileReference; fileEncoding = 4; lastKnownFileType = sourcecode.swift; name = SearchPhotos.swift; path = SearchPhoto/Model/SearchPhotos.swift; sourceTree = "<group>"; };
		B216474E1FD9207500E3F4DD /* PhotoEntitie+CoreDataProperties.swift */ = {isa = PBXFileReference; lastKnownFileType = sourcecode.swift; path = "PhotoEntitie+CoreDataProperties.swift"; sourceTree = "<group>"; };
		B21C862D1F79553B001CBC71 /* FlickrCreateRequest.swift */ = {isa = PBXFileReference; fileEncoding = 4; lastKnownFileType = sourcecode.swift; name = FlickrCreateRequest.swift; path = "Application/Network Service/FlickrCreateRequest.swift"; sourceTree = "<group>"; };
		B21C862F1F795594001CBC71 /* FlickrGetResponse.swift */ = {isa = PBXFileReference; fileEncoding = 4; lastKnownFileType = sourcecode.swift; name = FlickrGetResponse.swift; path = "Application/Network Service/FlickrGetResponse.swift"; sourceTree = "<group>"; };
		B21C86311F79636C001CBC71 /* FlickrUserAuthentication.swift */ = {isa = PBXFileReference; fileEncoding = 4; lastKnownFileType = sourcecode.swift; name = FlickrUserAuthentication.swift; path = Authorization/Model/FlickrUserAuthentication.swift; sourceTree = "<group>"; };
		B21EAAB71FD5916D007BA9B8 /* PersistentService.swift */ = {isa = PBXFileReference; lastKnownFileType = sourcecode.swift; path = PersistentService.swift; sourceTree = "<group>"; };
		B2202C0E1F7BBBCE002D33C2 /* UserViewController.swift */ = {isa = PBXFileReference; fileEncoding = 4; lastKnownFileType = sourcecode.swift; name = UserViewController.swift; path = User/Controller/UserViewController.swift; sourceTree = "<group>"; };
		B22AE49D1F7A67DC001D6D0C /* ErrorAlertController.swift */ = {isa = PBXFileReference; fileEncoding = 4; lastKnownFileType = sourcecode.swift; name = ErrorAlertController.swift; path = "Error Handle/ErrorAlertController.swift"; sourceTree = "<group>"; };
		B22B8B361FBC19A200A21401 /* UserCollectionViewCell.swift */ = {isa = PBXFileReference; lastKnownFileType = sourcecode.swift; name = UserCollectionViewCell.swift; path = User/View/UserCollectionViewCell.swift; sourceTree = "<group>"; };
		B22B8B391FBC20E500A21401 /* GetPhotoNetworkService.swift */ = {isa = PBXFileReference; lastKnownFileType = sourcecode.swift; path = GetPhotoNetworkService.swift; sourceTree = "<group>"; };
		B22C6FD21FE1079B0087FF0D /* CoverFlowLayout.h */ = {isa = PBXFileReference; lastKnownFileType = sourcecode.c.h; name = CoverFlowLayout.h; path = SearchPhotoDetail/View/CoverFlowLayout.h; sourceTree = "<group>"; };
		B22C6FD31FE1079B0087FF0D /* CoverFlowLayout.m */ = {isa = PBXFileReference; lastKnownFileType = sourcecode.c.objc; name = CoverFlowLayout.m; path = SearchPhotoDetail/View/CoverFlowLayout.m; sourceTree = "<group>"; };
		B22D382D1F604AA300FCC371 /* ClickrFlickr.app */ = {isa = PBXFileReference; explicitFileType = wrapper.application; includeInIndex = 0; path = ClickrFlickr.app; sourceTree = BUILT_PRODUCTS_DIR; };
		B22D38301F604AA300FCC371 /* AppDelegate.swift */ = {isa = PBXFileReference; lastKnownFileType = sourcecode.swift; name = AppDelegate.swift; path = Application/Controller/AppDelegate.swift; sourceTree = "<group>"; };
		B22D38351F604AA300FCC371 /* Base */ = {isa = PBXFileReference; lastKnownFileType = file.storyboard; name = Base; path = Base.lproj/Main.storyboard; sourceTree = "<group>"; };
		B22D38381F604AA300FCC371 /* ClickrFlickr.xcdatamodel */ = {isa = PBXFileReference; lastKnownFileType = wrapper.xcdatamodel; path = ClickrFlickr.xcdatamodel; sourceTree = "<group>"; };
		B22D383A1F604AA300FCC371 /* Assets.xcassets */ = {isa = PBXFileReference; lastKnownFileType = folder.assetcatalog; path = Assets.xcassets; sourceTree = "<group>"; };
		B22D383D1F604AA300FCC371 /* Base */ = {isa = PBXFileReference; lastKnownFileType = file.storyboard; name = Base; path = Base.lproj/LaunchScreen.storyboard; sourceTree = "<group>"; };
		B22D383F1F604AA300FCC371 /* Info.plist */ = {isa = PBXFileReference; lastKnownFileType = text.plist.xml; name = Info.plist; path = "Supporting Files/Info.plist"; sourceTree = "<group>"; };
		B22D38471F604B1D00FCC371 /* ClickrFlickr-Bridging-Header.h */ = {isa = PBXFileReference; lastKnownFileType = sourcecode.c.h; name = "ClickrFlickr-Bridging-Header.h"; path = "Supporting Files/ClickrFlickr-Bridging-Header.h"; sourceTree = "<group>"; };
		B2306D2F1FE3C23F00DA7DF0 /* ImageLoader.swift */ = {isa = PBXFileReference; lastKnownFileType = sourcecode.swift; path = ImageLoader.swift; sourceTree = "<group>"; };
		B24106991F724BBA006F9E53 /* Structures.swift */ = {isa = PBXFileReference; fileEncoding = 4; lastKnownFileType = sourcecode.swift; name = Structures.swift; path = Application/Model/Structures.swift; sourceTree = "<group>"; };
		B249F76E1F7A2E310036FAB7 /* FlickrOauthError.swift */ = {isa = PBXFileReference; fileEncoding = 4; lastKnownFileType = sourcecode.swift; name = FlickrOauthError.swift; path = "Error Handle/FlickrOauthError.swift"; sourceTree = "<group>"; };
		B2523AA31F67B766006DFA50 /* String+HMAC.swift */ = {isa = PBXFileReference; fileEncoding = 4; lastKnownFileType = sourcecode.swift; path = "String+HMAC.swift"; sourceTree = "<group>"; };
		B25AA1C81FAB1E0C0063E7AC /* NetworkServise.swift */ = {isa = PBXFileReference; fileEncoding = 4; lastKnownFileType = sourcecode.swift; name = NetworkServise.swift; path = "Application/Network Service/NetworkServise.swift"; sourceTree = "<group>"; };
		B26A92C91FBF11F70058C336 /* WaterfallLayout.swift */ = {isa = PBXFileReference; lastKnownFileType = sourcecode.swift; name = WaterfallLayout.swift; path = SearchPhoto/View/WaterfallLayout.swift; sourceTree = "<group>"; };
		B2754A9B1F712F8A00B403DF /* CallingFlickrAPIwithOauth.swift */ = {isa = PBXFileReference; fileEncoding = 4; lastKnownFileType = sourcecode.swift; name = CallingFlickrAPIwithOauth.swift; path = "Application/Network Service/CallingFlickrAPIwithOauth.swift"; sourceTree = "<group>"; };
		B277D78C1FE28CAD00BA81FF /* MainViewController.swift */ = {isa = PBXFileReference; lastKnownFileType = sourcecode.swift; name = MainViewController.swift; path = Authorization/Controller/MainViewController.swift; sourceTree = "<group>"; };
		B277D78F1FE2B21000BA81FF /* MainSegue.swift */ = {isa = PBXFileReference; lastKnownFileType = sourcecode.swift; path = MainSegue.swift; sourceTree = "<group>"; };
		B278902E1FCC294600CEBB48 /* CenterCollectionFlowLayout.swift */ = {isa = PBXFileReference; lastKnownFileType = sourcecode.swift; path = CenterCollectionFlowLayout.swift; sourceTree = "<group>"; };
		B278969A1FD8121A002D2B90 /* PhotoEntitie+CoreDataClass.swift */ = {isa = PBXFileReference; lastKnownFileType = sourcecode.swift; path = "PhotoEntitie+CoreDataClass.swift"; sourceTree = "<group>"; };
		B278969E1FD81434002D2B90 /* CoreDataStack.swift */ = {isa = PBXFileReference; lastKnownFileType = sourcecode.swift; path = CoreDataStack.swift; sourceTree = "<group>"; };
		B27896A01FD82867002D2B90 /* ParsePhotos.swift */ = {isa = PBXFileReference; lastKnownFileType = sourcecode.swift; path = ParsePhotos.swift; sourceTree = "<group>"; };
		B291E4051FC714C300EB3419 /* UserPhotoDetailViewController.h */ = {isa = PBXFileReference; lastKnownFileType = sourcecode.c.h; path = UserPhotoDetailViewController.h; sourceTree = "<group>"; };
		B291E4061FC714C300EB3419 /* UserPhotoDetailViewController.m */ = {isa = PBXFileReference; lastKnownFileType = sourcecode.c.objc; path = UserPhotoDetailViewController.m; sourceTree = "<group>"; };
		B291E4081FC7186F00EB3419 /* UserPhotoDetailCell.h */ = {isa = PBXFileReference; lastKnownFileType = sourcecode.c.h; path = UserPhotoDetailCell.h; sourceTree = "<group>"; };
		B291E4091FC7186F00EB3419 /* UserPhotoDetailCell.m */ = {isa = PBXFileReference; lastKnownFileType = sourcecode.c.objc; path = UserPhotoDetailCell.m; sourceTree = "<group>"; };
		B29439201FBD883900006CE6 /* UserInfo.xib */ = {isa = PBXFileReference; lastKnownFileType = file.xib; path = UserInfo.xib; sourceTree = "<group>"; };
		B29439221FBD885300006CE6 /* UserInfo.swift */ = {isa = PBXFileReference; lastKnownFileType = sourcecode.swift; path = UserInfo.swift; sourceTree = "<group>"; };
		B29A9FEE1F7276C000567FD5 /* SearchCollectionViewCell.swift */ = {isa = PBXFileReference; fileEncoding = 4; lastKnownFileType = sourcecode.swift; name = SearchCollectionViewCell.swift; path = SearchPhoto/View/SearchCollectionViewCell.swift; sourceTree = "<group>"; };
		B29A9FF01F72778C00567FD5 /* SearchCollectionViewController.swift */ = {isa = PBXFileReference; fileEncoding = 4; lastKnownFileType = sourcecode.swift; name = SearchCollectionViewController.swift; path = SearchPhoto/Controller/SearchCollectionViewController.swift; sourceTree = "<group>"; };
		B29A9FF41F72869600567FD5 /* NotAuthorizedViewController.swift */ = {isa = PBXFileReference; fileEncoding = 4; lastKnownFileType = sourcecode.swift; name = NotAuthorizedViewController.swift; path = Authorization/Controller/NotAuthorizedViewController.swift; sourceTree = "<group>"; };
		B2AB94C61FE942B2005EDF9F /* DetailPhotoViewController.swift */ = {isa = PBXFileReference; lastKnownFileType = sourcecode.swift; name = DetailPhotoViewController.swift; path = SearchPhotoDetail/Controller/DetailPhotoViewController.swift; sourceTree = "<group>"; };
		B2AB94C71FE942B2005EDF9F /* DetailPhotoViewController.xib */ = {isa = PBXFileReference; lastKnownFileType = file.xib; name = DetailPhotoViewController.xib; path = SearchPhotoDetail/Controller/DetailPhotoViewController.xib; sourceTree = "<group>"; };
		B2AB94CA1FE94FB3005EDF9F /* DetailPhotoViewCell.swift */ = {isa = PBXFileReference; lastKnownFileType = sourcecode.swift; name = DetailPhotoViewCell.swift; path = SearchPhotoDetail/View/DetailPhotoViewCell.swift; sourceTree = "<group>"; };
		B2AB94CB1FE94FB3005EDF9F /* DetailPhotoViewCell.xib */ = {isa = PBXFileReference; lastKnownFileType = file.xib; name = DetailPhotoViewCell.xib; path = SearchPhotoDetail/View/DetailPhotoViewCell.xib; sourceTree = "<group>"; };
		B2BC9C1E1FCEB0CC00A4C900 /* UserHeaderCollectionReusableView.swift */ = {isa = PBXFileReference; lastKnownFileType = sourcecode.swift; name = UserHeaderCollectionReusableView.swift; path = User/View/UserHeaderCollectionReusableView.swift; sourceTree = "<group>"; };
		B2C6EDBE1FA71DF700C254D5 /* Photo.swift */ = {isa = PBXFileReference; fileEncoding = 4; lastKnownFileType = sourcecode.swift; name = Photo.swift; path = Application/Model/Photo.swift; sourceTree = "<group>"; };
		B2D90FAE1FBD94B100FB0E64 /* UserInfoNetworkService.swift */ = {isa = PBXFileReference; lastKnownFileType = sourcecode.swift; path = UserInfoNetworkService.swift; sourceTree = "<group>"; };
		B2D90FB01FBD9FD700FB0E64 /* CreateUserInfo.swift */ = {isa = PBXFileReference; lastKnownFileType = sourcecode.swift; path = CreateUserInfo.swift; sourceTree = "<group>"; };
		B2F7EBAD1F7A860400300C74 /* FetchJSON.swift */ = {isa = PBXFileReference; fileEncoding = 4; lastKnownFileType = sourcecode.swift; path = FetchJSON.swift; sourceTree = "<group>"; };
		B2FA800C1FBD905100D1279F /* User.swift */ = {isa = PBXFileReference; lastKnownFileType = sourcecode.swift; path = User.swift; sourceTree = "<group>"; };
/* End PBXFileReference section */

/* Begin PBXFrameworksBuildPhase section */
		B22D382A1F604AA300FCC371 /* Frameworks */ = {
			isa = PBXFrameworksBuildPhase;
			buildActionMask = 2147483647;
			files = (
			);
			runOnlyForDeploymentPostprocessing = 0;
		};
/* End PBXFrameworksBuildPhase section */

/* Begin PBXGroup section */
		B20D00891FBC843E0046004A /* InterestingnessPhoto */ = {
			isa = PBXGroup;
			children = (
				B20D008F1FBC86B60046004A /* InterstingnessPhotoNetworkService */,
				B20D008C1FBC845B0046004A /* Controller */,
				B20D008B1FBC84550046004A /* View */,
				B20D008A1FBC844E0046004A /* Model */,
			);
			path = InterestingnessPhoto;
			sourceTree = "<group>";
		};
		B20D008A1FBC844E0046004A /* Model */ = {
			isa = PBXGroup;
			children = (
			);
			path = Model;
			sourceTree = "<group>";
		};
		B20D008B1FBC84550046004A /* View */ = {
			isa = PBXGroup;
			children = (
				B278902E1FCC294600CEBB48 /* CenterCollectionFlowLayout.swift */,
				B20D00921FBC88620046004A /* InterstingnessPhotoCollectionViewCell.swift */,
			);
			path = View;
			sourceTree = "<group>";
		};
		B20D008C1FBC845B0046004A /* Controller */ = {
			isa = PBXGroup;
			children = (
				B20D008D1FBC84E00046004A /* InterestingnessPhotoViewController.swift */,
			);
			path = Controller;
			sourceTree = "<group>";
		};
		B20D008F1FBC86B60046004A /* InterstingnessPhotoNetworkService */ = {
			isa = PBXGroup;
			children = (
				B20D00901FBC86F60046004A /* InterestingnessPhotoNetworkService.swift */,
				B27896A01FD82867002D2B90 /* ParsePhotos.swift */,
			);
			path = InterstingnessPhotoNetworkService;
			sourceTree = "<group>";
		};
		B21603571FB42EAE00AFA5F3 /* Search Network Service */ = {
			isa = PBXGroup;
			children = (
				B21603581FB42EF700AFA5F3 /* SearchNetworkService.swift */,
			);
			name = "Search Network Service";
			sourceTree = "<group>";
		};
		B21EAAB61FD59022007BA9B8 /* CoreDataManage */ = {
			isa = PBXGroup;
			children = (
				B278969A1FD8121A002D2B90 /* PhotoEntitie+CoreDataClass.swift */,
				B216474E1FD9207500E3F4DD /* PhotoEntitie+CoreDataProperties.swift */,
				B21EAAB71FD5916D007BA9B8 /* PersistentService.swift */,
				B278969E1FD81434002D2B90 /* CoreDataStack.swift */,
			);
			name = CoreDataManage;
			path = Application/CoreDataManage;
			sourceTree = "<group>";
		};
		B22B8B381FBC20A500A21401 /* GetPhotoNetworkService */ = {
			isa = PBXGroup;
			children = (
				B22B8B391FBC20E500A21401 /* GetPhotoNetworkService.swift */,
			);
			name = GetPhotoNetworkService;
			path = User/GetPhotoNetworkService;
			sourceTree = "<group>";
		};
		B22D38241F604AA300FCC371 = {
			isa = PBXGroup;
			children = (
				B22D382F1F604AA300FCC371 /* ClickrFlickr */,
				B22D38341F604AA300FCC371 /* Main.storyboard */,
				B22D383C1F604AA300FCC371 /* LaunchScreen.storyboard */,
				B22D38371F604AA300FCC371 /* ClickrFlickr.xcdatamodeld */,
				B22D382E1F604AA300FCC371 /* Products */,
			);
			sourceTree = "<group>";
		};
		B22D382E1F604AA300FCC371 /* Products */ = {
			isa = PBXGroup;
			children = (
				B22D382D1F604AA300FCC371 /* ClickrFlickr.app */,
			);
			name = Products;
			sourceTree = "<group>";
		};
		B22D382F1F604AA300FCC371 /* ClickrFlickr */ = {
			isa = PBXGroup;
			children = (
				B294391C1FBD880B00006CE6 /* UserInfo */,
				B2A27F031FAB0C5C00EE7A97 /* Application */,
				B20D00891FBC843E0046004A /* InterestingnessPhoto */,
				B25AA1D61FAB34560063E7AC /* User */,
				B291E4011FC7134A00EB3419 /* UserPhotoDetail */,
				B25AA1D21FAB33BE0063E7AC /* Authorization */,
				B25AA1CA1FAB32880063E7AC /* SearchPhoto */,
				B25AA1CE1FAB334E0063E7AC /* SearchPhotoDetail */,
				B2A27F071FAB0D3300EE7A97 /* Error Handle */,
				B2D33E791F7BD927000FC8EB /* Helpers */,
				B2D33E7E1F7BDA0A000FC8EB /* Encrypt */,
				B2A27F021FAB0C1400EE7A97 /* Supporting Files */,
			);
			path = ClickrFlickr;
			sourceTree = "<group>";
		};
		B25AA1C71FAB1DD30063E7AC /* Network Service */ = {
			isa = PBXGroup;
			children = (
				B21C862D1F79553B001CBC71 /* FlickrCreateRequest.swift */,
				B2754A9B1F712F8A00B403DF /* CallingFlickrAPIwithOauth.swift */,
				B21C862F1F795594001CBC71 /* FlickrGetResponse.swift */,
				B25AA1C81FAB1E0C0063E7AC /* NetworkServise.swift */,
			);
			name = "Network Service";
			sourceTree = "<group>";
		};
		B25AA1CA1FAB32880063E7AC /* SearchPhoto */ = {
			isa = PBXGroup;
			children = (
				B21603571FB42EAE00AFA5F3 /* Search Network Service */,
				B25AA1CB1FAB32AB0063E7AC /* Model */,
				B25AA1CD1FAB32BD0063E7AC /* View */,
				B25AA1CC1FAB32B20063E7AC /* Controller */,
			);
			name = SearchPhoto;
			sourceTree = "<group>";
		};
		B25AA1CB1FAB32AB0063E7AC /* Model */ = {
			isa = PBXGroup;
			children = (
				B216035A1FB42F7800AFA5F3 /* SearchPhotos.swift */,
			);
			name = Model;
			sourceTree = "<group>";
		};
		B25AA1CC1FAB32B20063E7AC /* Controller */ = {
			isa = PBXGroup;
			children = (
				B29A9FF01F72778C00567FD5 /* SearchCollectionViewController.swift */,
			);
			name = Controller;
			sourceTree = "<group>";
		};
		B25AA1CD1FAB32BD0063E7AC /* View */ = {
			isa = PBXGroup;
			children = (
				B29A9FEE1F7276C000567FD5 /* SearchCollectionViewCell.swift */,
				B26A92C91FBF11F70058C336 /* WaterfallLayout.swift */,
			);
			name = View;
			sourceTree = "<group>";
		};
		B25AA1CE1FAB334E0063E7AC /* SearchPhotoDetail */ = {
			isa = PBXGroup;
			children = (
				B25AA1D11FAB33710063E7AC /* Model */,
				B25AA1CF1FAB33600063E7AC /* View */,
				B25AA1D01FAB33680063E7AC /* Controller */,
			);
			name = SearchPhotoDetail;
			sourceTree = "<group>";
		};
		B25AA1CF1FAB33600063E7AC /* View */ = {
			isa = PBXGroup;
			children = (
				B2AB94CA1FE94FB3005EDF9F /* DetailPhotoViewCell.swift */,
				B2AB94CB1FE94FB3005EDF9F /* DetailPhotoViewCell.xib */,
				B22C6FD21FE1079B0087FF0D /* CoverFlowLayout.h */,
				B22C6FD31FE1079B0087FF0D /* CoverFlowLayout.m */,
			);
			name = View;
			sourceTree = "<group>";
		};
		B25AA1D01FAB33680063E7AC /* Controller */ = {
			isa = PBXGroup;
			children = (
				B2AB94C61FE942B2005EDF9F /* DetailPhotoViewController.swift */,
				B2AB94C71FE942B2005EDF9F /* DetailPhotoViewController.xib */,
			);
			name = Controller;
			sourceTree = "<group>";
		};
		B25AA1D11FAB33710063E7AC /* Model */ = {
			isa = PBXGroup;
			children = (
				B2D90FB01FBD9FD700FB0E64 /* CreateUserInfo.swift */,
			);
			name = Model;
			path = SearchPhotoDetail/Model;
			sourceTree = "<group>";
		};
		B25AA1D21FAB33BE0063E7AC /* Authorization */ = {
			isa = PBXGroup;
			children = (
				B25AA1D31FAB33C90063E7AC /* Model */,
				B25AA1D41FAB33D10063E7AC /* View */,
				B25AA1D51FAB33D80063E7AC /* Controller */,
			);
			name = Authorization;
			sourceTree = "<group>";
		};
		B25AA1D31FAB33C90063E7AC /* Model */ = {
			isa = PBXGroup;
			children = (
				B21C86311F79636C001CBC71 /* FlickrUserAuthentication.swift */,
			);
			name = Model;
			sourceTree = "<group>";
		};
		B25AA1D41FAB33D10063E7AC /* View */ = {
			isa = PBXGroup;
			children = (
			);
			name = View;
			sourceTree = "<group>";
		};
		B25AA1D51FAB33D80063E7AC /* Controller */ = {
			isa = PBXGroup;
			children = (
				B29A9FF41F72869600567FD5 /* NotAuthorizedViewController.swift */,
				B277D78C1FE28CAD00BA81FF /* MainViewController.swift */,
			);
			name = Controller;
			sourceTree = "<group>";
		};
		B25AA1D61FAB34560063E7AC /* User */ = {
			isa = PBXGroup;
			children = (
				B22B8B381FBC20A500A21401 /* GetPhotoNetworkService */,
				B25AA1D71FAB345D0063E7AC /* Model */,
				B25AA1D91FAB346B0063E7AC /* View */,
				B25AA1D81FAB34640063E7AC /* Controller */,
			);
			name = User;
			sourceTree = "<group>";
		};
		B25AA1D71FAB345D0063E7AC /* Model */ = {
			isa = PBXGroup;
			children = (
			);
			name = Model;
			sourceTree = "<group>";
		};
		B25AA1D81FAB34640063E7AC /* Controller */ = {
			isa = PBXGroup;
			children = (
				B2202C0E1F7BBBCE002D33C2 /* UserViewController.swift */,
			);
			name = Controller;
			sourceTree = "<group>";
		};
		B25AA1D91FAB346B0063E7AC /* View */ = {
			isa = PBXGroup;
			children = (
				B22B8B361FBC19A200A21401 /* UserCollectionViewCell.swift */,
				B2BC9C1E1FCEB0CC00A4C900 /* UserHeaderCollectionReusableView.swift */,
			);
			name = View;
			sourceTree = "<group>";
		};
		B277D78E1FE2B1AE00BA81FF /* Segues */ = {
			isa = PBXGroup;
			children = (
				B277D78F1FE2B21000BA81FF /* MainSegue.swift */,
			);
			name = Segues;
			path = Application/Segues;
			sourceTree = "<group>";
		};
		B291E4011FC7134A00EB3419 /* UserPhotoDetail */ = {
			isa = PBXGroup;
			children = (
				B291E4041FC7143100EB3419 /* Model */,
				B291E4031FC7142F00EB3419 /* View */,
				B291E4021FC7142C00EB3419 /* Controller */,
			);
			path = UserPhotoDetail;
			sourceTree = "<group>";
		};
		B291E4021FC7142C00EB3419 /* Controller */ = {
			isa = PBXGroup;
			children = (
				B291E4051FC714C300EB3419 /* UserPhotoDetailViewController.h */,
				B291E4061FC714C300EB3419 /* UserPhotoDetailViewController.m */,
			);
			path = Controller;
			sourceTree = "<group>";
		};
		B291E4031FC7142F00EB3419 /* View */ = {
			isa = PBXGroup;
			children = (
				B291E4081FC7186F00EB3419 /* UserPhotoDetailCell.h */,
				B291E4091FC7186F00EB3419 /* UserPhotoDetailCell.m */,
			);
			path = View;
			sourceTree = "<group>";
		};
		B291E4041FC7143100EB3419 /* Model */ = {
			isa = PBXGroup;
			children = (
			);
			path = Model;
			sourceTree = "<group>";
		};
		B294391C1FBD880B00006CE6 /* UserInfo */ = {
			isa = PBXGroup;
			children = (
				B2D90FAD1FBD949200FB0E64 /* UserInfoNetworkService */,
				B294391F1FBD882100006CE6 /* Controller */,
				B294391E1FBD881C00006CE6 /* View */,
				B294391D1FBD881600006CE6 /* Model */,
			);
			name = UserInfo;
			sourceTree = "<group>";
		};
		B294391D1FBD881600006CE6 /* Model */ = {
			isa = PBXGroup;
			children = (
				B2FA800C1FBD905100D1279F /* User.swift */,
			);
			name = Model;
			path = UserInfo/Model;
			sourceTree = "<group>";
		};
		B294391E1FBD881C00006CE6 /* View */ = {
			isa = PBXGroup;
			children = (
				B29439201FBD883900006CE6 /* UserInfo.xib */,
				B29439221FBD885300006CE6 /* UserInfo.swift */,
			);
			name = View;
			path = UserInfo/View;
			sourceTree = "<group>";
		};
		B294391F1FBD882100006CE6 /* Controller */ = {
			isa = PBXGroup;
			children = (
			);
			name = Controller;
			sourceTree = "<group>";
		};
		B2A27F021FAB0C1400EE7A97 /* Supporting Files */ = {
			isa = PBXGroup;
			children = (
				B22D38471F604B1D00FCC371 /* ClickrFlickr-Bridging-Header.h */,
				B22D383F1F604AA300FCC371 /* Info.plist */,
				B22D383A1F604AA300FCC371 /* Assets.xcassets */,
			);
			name = "Supporting Files";
			sourceTree = "<group>";
		};
		B2A27F031FAB0C5C00EE7A97 /* Application */ = {
			isa = PBXGroup;
			children = (
				B277D78E1FE2B1AE00BA81FF /* Segues */,
				B21EAAB61FD59022007BA9B8 /* CoreDataManage */,
				B25AA1C71FAB1DD30063E7AC /* Network Service */,
				B2A27F041FAB0C6600EE7A97 /* Model */,
				B2A27F061FAB0C7600EE7A97 /* View */,
				B2A27F051FAB0C6D00EE7A97 /* Controller */,
			);
			name = Application;
			sourceTree = "<group>";
		};
		B2A27F041FAB0C6600EE7A97 /* Model */ = {
			isa = PBXGroup;
			children = (
				B24106991F724BBA006F9E53 /* Structures.swift */,
				B2C6EDBE1FA71DF700C254D5 /* Photo.swift */,
			);
			name = Model;
			sourceTree = "<group>";
		};
		B2A27F051FAB0C6D00EE7A97 /* Controller */ = {
			isa = PBXGroup;
			children = (
				B22D38301F604AA300FCC371 /* AppDelegate.swift */,
			);
			name = Controller;
			sourceTree = "<group>";
		};
		B2A27F061FAB0C7600EE7A97 /* View */ = {
			isa = PBXGroup;
			children = (
			);
			name = View;
			sourceTree = "<group>";
		};
		B2A27F071FAB0D3300EE7A97 /* Error Handle */ = {
			isa = PBXGroup;
			children = (
				B249F76E1F7A2E310036FAB7 /* FlickrOauthError.swift */,
				B22AE49D1F7A67DC001D6D0C /* ErrorAlertController.swift */,
			);
			name = "Error Handle";
			sourceTree = "<group>";
		};
		B2D33E791F7BD927000FC8EB /* Helpers */ = {
			isa = PBXGroup;
			children = (
				B2306D2F1FE3C23F00DA7DF0 /* ImageLoader.swift */,
				B2F7EBAD1F7A860400300C74 /* FetchJSON.swift */,
			);
			path = Helpers;
			sourceTree = "<group>";
		};
		B2D33E7E1F7BDA0A000FC8EB /* Encrypt */ = {
			isa = PBXGroup;
			children = (
				B2523AA31F67B766006DFA50 /* String+HMAC.swift */,
			);
			path = Encrypt;
			sourceTree = "<group>";
		};
		B2D90FAD1FBD949200FB0E64 /* UserInfoNetworkService */ = {
			isa = PBXGroup;
			children = (
				B2D90FAE1FBD94B100FB0E64 /* UserInfoNetworkService.swift */,
			);
			name = UserInfoNetworkService;
			path = UserInfo/UserInfoNetworkservice;
			sourceTree = "<group>";
		};
/* End PBXGroup section */

/* Begin PBXNativeTarget section */
		B22D382C1F604AA300FCC371 /* ClickrFlickr */ = {
			isa = PBXNativeTarget;
			buildConfigurationList = B22D38421F604AA300FCC371 /* Build configuration list for PBXNativeTarget "ClickrFlickr" */;
			buildPhases = (
				B22D38291F604AA300FCC371 /* Sources */,
				B22D382A1F604AA300FCC371 /* Frameworks */,
				B22D382B1F604AA300FCC371 /* Resources */,
			);
			buildRules = (
			);
			dependencies = (
			);
			name = ClickrFlickr;
			productName = ClickrFlickr;
			productReference = B22D382D1F604AA300FCC371 /* ClickrFlickr.app */;
			productType = "com.apple.product-type.application";
		};
/* End PBXNativeTarget section */

/* Begin PBXProject section */
		B22D38251F604AA300FCC371 /* Project object */ = {
			isa = PBXProject;
			attributes = {
				LastSwiftUpdateCheck = 0830;
				LastUpgradeCheck = 0910;
				ORGANIZATIONNAME = "Artur Olar";
				TargetAttributes = {
					B22D382C1F604AA300FCC371 = {
						CreatedOnToolsVersion = 8.3.3;
						LastSwiftMigration = 0910;
						ProvisioningStyle = Automatic;
					};
				};
			};
			buildConfigurationList = B22D38281F604AA300FCC371 /* Build configuration list for PBXProject "ClickrFlickr" */;
			compatibilityVersion = "Xcode 3.2";
			developmentRegion = English;
			hasScannedForEncodings = 0;
			knownRegions = (
				en,
				Base,
			);
			mainGroup = B22D38241F604AA300FCC371;
			productRefGroup = B22D382E1F604AA300FCC371 /* Products */;
			projectDirPath = "";
			projectRoot = "";
			targets = (
				B22D382C1F604AA300FCC371 /* ClickrFlickr */,
			);
		};
/* End PBXProject section */

/* Begin PBXResourcesBuildPhase section */
		B22D382B1F604AA300FCC371 /* Resources */ = {
			isa = PBXResourcesBuildPhase;
			buildActionMask = 2147483647;
			files = (
				B29439211FBD883900006CE6 /* UserInfo.xib in Resources */,
				B25AA1DD1FAB404C0063E7AC /* Main.storyboard in Resources */,
				B25AA1DC1FAB40420063E7AC /* LaunchScreen.storyboard in Resources */,
				B22D383B1F604AA300FCC371 /* Assets.xcassets in Resources */,
				B2AB94CD1FE94FB3005EDF9F /* DetailPhotoViewCell.xib in Resources */,
				B2AB94C91FE942B2005EDF9F /* DetailPhotoViewController.xib in Resources */,
			);
			runOnlyForDeploymentPostprocessing = 0;
		};
/* End PBXResourcesBuildPhase section */

/* Begin PBXSourcesBuildPhase section */
		B22D38291F604AA300FCC371 /* Sources */ = {
			isa = PBXSourcesBuildPhase;
			buildActionMask = 2147483647;
			files = (
				B25AA1C91FAB1E0C0063E7AC /* NetworkServise.swift in Sources */,
				B22D38311F604AA300FCC371 /* AppDelegate.swift in Sources */,
				B2202C0F1F7BBBCE002D33C2 /* UserViewController.swift in Sources */,
				B21EAAB81FD5916D007BA9B8 /* PersistentService.swift in Sources */,
				B22B8B3A1FBC20E500A21401 /* GetPhotoNetworkService.swift in Sources */,
				B2F7EBAE1F7A860400300C74 /* FetchJSON.swift in Sources */,
				B277D7901FE2B21000BA81FF /* MainSegue.swift in Sources */,
				B29A9FEF1F7276C000567FD5 /* SearchCollectionViewCell.swift in Sources */,
				B29A9FF51F72869600567FD5 /* NotAuthorizedViewController.swift in Sources */,
				B2FA800D1FBD905100D1279F /* User.swift in Sources */,
				B291E40A1FC7186F00EB3419 /* UserPhotoDetailCell.m in Sources */,
				B2BC9C1F1FCEB0CC00A4C900 /* UserHeaderCollectionReusableView.swift in Sources */,
				B27896A11FD82867002D2B90 /* ParsePhotos.swift in Sources */,
				B2523AA41F67B766006DFA50 /* String+HMAC.swift in Sources */,
				B21C862E1F79553B001CBC71 /* FlickrCreateRequest.swift in Sources */,
				B278969F1FD81434002D2B90 /* CoreDataStack.swift in Sources */,
				B21603591FB42EF700AFA5F3 /* SearchNetworkService.swift in Sources */,
				B29439231FBD885300006CE6 /* UserInfo.swift in Sources */,
				B22C6FD41FE1079B0087FF0D /* CoverFlowLayout.m in Sources */,
				B291E4071FC714C300EB3419 /* UserPhotoDetailViewController.m in Sources */,
				B277D78D1FE28CAD00BA81FF /* MainViewController.swift in Sources */,
				B241069A1F724BBA006F9E53 /* Structures.swift in Sources */,
				B26A92CA1FBF11F70058C336 /* WaterfallLayout.swift in Sources */,
				B29A9FF11F72778C00567FD5 /* SearchCollectionViewController.swift in Sources */,
				B21C86301F795594001CBC71 /* FlickrGetResponse.swift in Sources */,
				B2C6EDBF1FA71DF700C254D5 /* Photo.swift in Sources */,
				B2754A9C1F712F8A00B403DF /* CallingFlickrAPIwithOauth.swift in Sources */,
				B22AE49E1F7A67DC001D6D0C /* ErrorAlertController.swift in Sources */,
				B278969C1FD8121A002D2B90 /* PhotoEntitie+CoreDataClass.swift in Sources */,
				B2306D301FE3C23F00DA7DF0 /* ImageLoader.swift in Sources */,
				B22D38391F604AA300FCC371 /* ClickrFlickr.xcdatamodeld in Sources */,
				B2D90FB11FBD9FD700FB0E64 /* CreateUserInfo.swift in Sources */,
				B20D008E1FBC84E00046004A /* InterestingnessPhotoViewController.swift in Sources */,
				B21C86321F79636C001CBC71 /* FlickrUserAuthentication.swift in Sources */,
				B216035B1FB42F7800AFA5F3 /* SearchPhotos.swift in Sources */,
				B22B8B371FBC19A200A21401 /* UserCollectionViewCell.swift in Sources */,
				B278902F1FCC294600CEBB48 /* CenterCollectionFlowLayout.swift in Sources */,
				B20D00931FBC88620046004A /* InterstingnessPhotoCollectionViewCell.swift in Sources */,
				B2AB94CC1FE94FB3005EDF9F /* DetailPhotoViewCell.swift in Sources */,
				B2D90FAF1FBD94B100FB0E64 /* UserInfoNetworkService.swift in Sources */,
				B249F76F1F7A2E310036FAB7 /* FlickrOauthError.swift in Sources */,
				B2AB94C81FE942B2005EDF9F /* DetailPhotoViewController.swift in Sources */,
				B20D00911FBC86F60046004A /* InterestingnessPhotoNetworkService.swift in Sources */,
				B21647501FD9207500E3F4DD /* PhotoEntitie+CoreDataProperties.swift in Sources */,
			);
			runOnlyForDeploymentPostprocessing = 0;
		};
/* End PBXSourcesBuildPhase section */

/* Begin PBXVariantGroup section */
		B22D38341F604AA300FCC371 /* Main.storyboard */ = {
			isa = PBXVariantGroup;
			children = (
				B22D38351F604AA300FCC371 /* Base */,
			);
			name = Main.storyboard;
			path = ClickrFlickr;
			sourceTree = "<group>";
		};
		B22D383C1F604AA300FCC371 /* LaunchScreen.storyboard */ = {
			isa = PBXVariantGroup;
			children = (
				B22D383D1F604AA300FCC371 /* Base */,
			);
			name = LaunchScreen.storyboard;
			path = ClickrFlickr;
			sourceTree = "<group>";
		};
/* End PBXVariantGroup section */

/* Begin XCBuildConfiguration section */
		B22D38401F604AA300FCC371 /* Debug */ = {
			isa = XCBuildConfiguration;
			buildSettings = {
				ALWAYS_SEARCH_USER_PATHS = NO;
				CLANG_ANALYZER_NONNULL = YES;
				CLANG_ANALYZER_NUMBER_OBJECT_CONVERSION = YES_AGGRESSIVE;
				CLANG_CXX_LANGUAGE_STANDARD = "gnu++0x";
				CLANG_CXX_LIBRARY = "libc++";
				CLANG_ENABLE_MODULES = YES;
				CLANG_ENABLE_OBJC_ARC = YES;
				CLANG_WARN_BLOCK_CAPTURE_AUTORELEASING = YES;
				CLANG_WARN_BOOL_CONVERSION = YES;
				CLANG_WARN_COMMA = YES;
				CLANG_WARN_CONSTANT_CONVERSION = YES;
				CLANG_WARN_DIRECT_OBJC_ISA_USAGE = YES_ERROR;
				CLANG_WARN_DOCUMENTATION_COMMENTS = YES;
				CLANG_WARN_EMPTY_BODY = YES;
				CLANG_WARN_ENUM_CONVERSION = YES;
				CLANG_WARN_INFINITE_RECURSION = YES;
				CLANG_WARN_INT_CONVERSION = YES;
				CLANG_WARN_NON_LITERAL_NULL_CONVERSION = YES;
				CLANG_WARN_OBJC_LITERAL_CONVERSION = YES;
				CLANG_WARN_OBJC_ROOT_CLASS = YES_ERROR;
				CLANG_WARN_RANGE_LOOP_ANALYSIS = YES;
				CLANG_WARN_STRICT_PROTOTYPES = YES;
				CLANG_WARN_SUSPICIOUS_MOVE = YES;
				CLANG_WARN_UNREACHABLE_CODE = YES;
				CLANG_WARN__DUPLICATE_METHOD_MATCH = YES;
				"CODE_SIGN_IDENTITY[sdk=iphoneos*]" = "iPhone Developer";
				COPY_PHASE_STRIP = NO;
				DEBUG_INFORMATION_FORMAT = dwarf;
				ENABLE_STRICT_OBJC_MSGSEND = YES;
				ENABLE_TESTABILITY = YES;
				GCC_C_LANGUAGE_STANDARD = gnu99;
				GCC_DYNAMIC_NO_PIC = NO;
				GCC_NO_COMMON_BLOCKS = YES;
				GCC_OPTIMIZATION_LEVEL = 0;
				GCC_PREPROCESSOR_DEFINITIONS = (
					"DEBUG=1",
					"$(inherited)",
				);
				GCC_WARN_64_TO_32_BIT_CONVERSION = YES;
				GCC_WARN_ABOUT_RETURN_TYPE = YES_ERROR;
				GCC_WARN_UNDECLARED_SELECTOR = YES;
				GCC_WARN_UNINITIALIZED_AUTOS = YES_AGGRESSIVE;
				GCC_WARN_UNUSED_FUNCTION = YES;
				GCC_WARN_UNUSED_VARIABLE = YES;
				IPHONEOS_DEPLOYMENT_TARGET = 10.3;
				MTL_ENABLE_DEBUG_INFO = YES;
				ONLY_ACTIVE_ARCH = YES;
				SDKROOT = iphoneos;
				SWIFT_ACTIVE_COMPILATION_CONDITIONS = DEBUG;
				SWIFT_OPTIMIZATION_LEVEL = "-Onone";
				TARGETED_DEVICE_FAMILY = "1,2";
			};
			name = Debug;
		};
		B22D38411F604AA300FCC371 /* Release */ = {
			isa = XCBuildConfiguration;
			buildSettings = {
				ALWAYS_SEARCH_USER_PATHS = NO;
				CLANG_ANALYZER_NONNULL = YES;
				CLANG_ANALYZER_NUMBER_OBJECT_CONVERSION = YES_AGGRESSIVE;
				CLANG_CXX_LANGUAGE_STANDARD = "gnu++0x";
				CLANG_CXX_LIBRARY = "libc++";
				CLANG_ENABLE_MODULES = YES;
				CLANG_ENABLE_OBJC_ARC = YES;
				CLANG_WARN_BLOCK_CAPTURE_AUTORELEASING = YES;
				CLANG_WARN_BOOL_CONVERSION = YES;
				CLANG_WARN_COMMA = YES;
				CLANG_WARN_CONSTANT_CONVERSION = YES;
				CLANG_WARN_DIRECT_OBJC_ISA_USAGE = YES_ERROR;
				CLANG_WARN_DOCUMENTATION_COMMENTS = YES;
				CLANG_WARN_EMPTY_BODY = YES;
				CLANG_WARN_ENUM_CONVERSION = YES;
				CLANG_WARN_INFINITE_RECURSION = YES;
				CLANG_WARN_INT_CONVERSION = YES;
				CLANG_WARN_NON_LITERAL_NULL_CONVERSION = YES;
				CLANG_WARN_OBJC_LITERAL_CONVERSION = YES;
				CLANG_WARN_OBJC_ROOT_CLASS = YES_ERROR;
				CLANG_WARN_RANGE_LOOP_ANALYSIS = YES;
				CLANG_WARN_STRICT_PROTOTYPES = YES;
				CLANG_WARN_SUSPICIOUS_MOVE = YES;
				CLANG_WARN_UNREACHABLE_CODE = YES;
				CLANG_WARN__DUPLICATE_METHOD_MATCH = YES;
				"CODE_SIGN_IDENTITY[sdk=iphoneos*]" = "iPhone Developer";
				COPY_PHASE_STRIP = NO;
				DEBUG_INFORMATION_FORMAT = "dwarf-with-dsym";
				ENABLE_NS_ASSERTIONS = NO;
				ENABLE_STRICT_OBJC_MSGSEND = YES;
				GCC_C_LANGUAGE_STANDARD = gnu99;
				GCC_NO_COMMON_BLOCKS = YES;
				GCC_WARN_64_TO_32_BIT_CONVERSION = YES;
				GCC_WARN_ABOUT_RETURN_TYPE = YES_ERROR;
				GCC_WARN_UNDECLARED_SELECTOR = YES;
				GCC_WARN_UNINITIALIZED_AUTOS = YES_AGGRESSIVE;
				GCC_WARN_UNUSED_FUNCTION = YES;
				GCC_WARN_UNUSED_VARIABLE = YES;
				IPHONEOS_DEPLOYMENT_TARGET = 10.3;
				MTL_ENABLE_DEBUG_INFO = NO;
				SDKROOT = iphoneos;
				SWIFT_OPTIMIZATION_LEVEL = "-Owholemodule";
				SWIFT_PRECOMPILE_BRIDGING_HEADER = YES;
				TARGETED_DEVICE_FAMILY = "1,2";
				VALIDATE_PRODUCT = YES;
			};
			name = Release;
		};
		B22D38431F604AA300FCC371 /* Debug */ = {
			isa = XCBuildConfiguration;
			buildSettings = {
				ASSETCATALOG_COMPILER_APPICON_NAME = AppIcon;
				CLANG_ENABLE_MODULES = YES;
				HEADER_SEARCH_PATHS = "";
				INFOPLIST_FILE = "ClickrFlickr/Supporting Files/Info.plist";
				LD_RUNPATH_SEARCH_PATHS = "$(inherited) @executable_path/Frameworks";
				PRODUCT_BUNDLE_IDENTIFIER = epam.com.ClickrFlickr;
				PRODUCT_NAME = "$(TARGET_NAME)";
				SWIFT_OBJC_BRIDGING_HEADER = "ClickrFlickr/Supporting Files/ClickrFlickr-Bridging-Header.h";
				SWIFT_OPTIMIZATION_LEVEL = "-Onone";
				SWIFT_SWIFT3_OBJC_INFERENCE = Default;
				SWIFT_VERSION = 4.0;
			};
			name = Debug;
		};
		B22D38441F604AA300FCC371 /* Release */ = {
			isa = XCBuildConfiguration;
			buildSettings = {
				ASSETCATALOG_COMPILER_APPICON_NAME = AppIcon;
				CLANG_ENABLE_MODULES = YES;
				HEADER_SEARCH_PATHS = "";
				INFOPLIST_FILE = "ClickrFlickr/Supporting Files/Info.plist";
				LD_RUNPATH_SEARCH_PATHS = "$(inherited) @executable_path/Frameworks";
				PRODUCT_BUNDLE_IDENTIFIER = epam.com.ClickrFlickr;
				PRODUCT_NAME = "$(TARGET_NAME)";
				SWIFT_OBJC_BRIDGING_HEADER = "ClickrFlickr/Supporting Files/ClickrFlickr-Bridging-Header.h";
				SWIFT_SWIFT3_OBJC_INFERENCE = Default;
				SWIFT_VERSION = 4.0;
			};
			name = Release;
		};
/* End XCBuildConfiguration section */

/* Begin XCConfigurationList section */
		B22D38281F604AA300FCC371 /* Build configuration list for PBXProject "ClickrFlickr" */ = {
			isa = XCConfigurationList;
			buildConfigurations = (
				B22D38401F604AA300FCC371 /* Debug */,
				B22D38411F604AA300FCC371 /* Release */,
			);
			defaultConfigurationIsVisible = 0;
			defaultConfigurationName = Release;
		};
		B22D38421F604AA300FCC371 /* Build configuration list for PBXNativeTarget "ClickrFlickr" */ = {
			isa = XCConfigurationList;
			buildConfigurations = (
				B22D38431F604AA300FCC371 /* Debug */,
				B22D38441F604AA300FCC371 /* Release */,
			);
			defaultConfigurationIsVisible = 0;
			defaultConfigurationName = Release;
		};
/* End XCConfigurationList section */

/* Begin XCVersionGroup section */
		B22D38371F604AA300FCC371 /* ClickrFlickr.xcdatamodeld */ = {
			isa = XCVersionGroup;
			children = (
				B22D38381F604AA300FCC371 /* ClickrFlickr.xcdatamodel */,
			);
			currentVersion = B22D38381F604AA300FCC371 /* ClickrFlickr.xcdatamodel */;
			path = ClickrFlickr.xcdatamodeld;
			sourceTree = "<group>";
			versionGroupType = wrapper.xcdatamodel;
		};
/* End XCVersionGroup section */
	};
	rootObject = B22D38251F604AA300FCC371 /* Project object */;
}
